
Microsoft Visual Studio Solution File, Format Version 12.00
# Visual Studio Version 17
VisualStudioVersion = 17.6.33815.320
MinimumVisualStudioVersion = 10.0.40219.1
Project("{9A19103F-16F7-4668-BE54-9A1E7A4F7556}") = "blueFirstApp", "blueFirstApp\blueFirstApp.csproj", "{42CC1F0D-709B-4B15-A5E6-30F9B5BE7C8C}"
EndProject
Global
	GlobalSection(SolutionConfigurationPlatforms) = preSolution
		Debug|Any CPU = Debug|Any CPU
		Release|Any CPU = Release|Any CPU
	EndGlobalSection
	GlobalSection(ProjectConfigurationPlatforms) = postSolution
		{42CC1F0D-709B-4B15-A5E6-30F9B5BE7C8C}.Debug|Any CPU.ActiveCfg = Debug|Any CPU
		{42CC1F0D-709B-4B15-A5E6-30F9B5BE7C8C}.Debug|Any CPU.Build.0 = Debug|Any CPU
		{42CC1F0D-709B-4B15-A5E6-30F9B5BE7C8C}.Release|Any CPU.ActiveCfg = Release|Any CPU
		{42CC1F0D-709B-4B15-A5E6-30F9B5BE7C8C}.Release|Any CPU.Build.0 = Release|Any CPU
	EndGlobalSection
	GlobalSection(SolutionProperties) = preSolution
		HideSolutionNode = FALSE
	EndGlobalSection
	GlobalSection(ExtensibilityGlobals) = postSolution
		SolutionGuid = {78D6F9BB-F44D-4BE6-BBC6-34B60EECA5AF}
	EndGlobalSection
EndGlobal
